
Microsoft Visual Studio Solution File, Format Version 12.00
# Visual Studio Version 16
VisualStudioVersion = 16.0.30114.105
MinimumVisualStudioVersion = 10.0.40219.1
Project("{2150E333-8FDC-42A3-9474-1A3956D46DE8}") = "src", "src", "{94D7AD3C-4B54-4CEA-B748-CDAEA0DD1D50}"
EndProject
Project("{FAE04EC0-301F-11D3-BF4B-00C04F79EFBC}") = "Consola", "src\Consola\Consola.csproj", "{A316EA18-8B38-492C-8EFE-48DABE20A1F8}"
EndProject
Project("{FAE04EC0-301F-11D3-BF4B-00C04F79EFBC}") = "App.Systema", "src\App.Systema\App.Systema.csproj", "{3854A43A-159B-4105-B5B4-6781C0CDE11A}"
EndProject
Project("{FAE04EC0-301F-11D3-BF4B-00C04F79EFBC}") = "Datos", "src\Datos\Datos.csproj", "{2F7803FB-0CC0-4584-ADEA-121A2D5D98D5}"
EndProject
Project("{FAE04EC0-301F-11D3-BF4B-00C04F79EFBC}") = "Entidades", "src\Entidades\Entidades.csproj", "{FF2D7440-0164-44FB-924B-2DB5D6F5499C}"
EndProject
Global
	GlobalSection(SolutionConfigurationPlatforms) = preSolution
		Debug|Any CPU = Debug|Any CPU
		Release|Any CPU = Release|Any CPU
	EndGlobalSection
	GlobalSection(SolutionProperties) = preSolution
		HideSolutionNode = FALSE
	EndGlobalSection
	GlobalSection(ProjectConfigurationPlatforms) = postSolution
		{A316EA18-8B38-492C-8EFE-48DABE20A1F8}.Debug|Any CPU.ActiveCfg = Debug|Any CPU
		{A316EA18-8B38-492C-8EFE-48DABE20A1F8}.Debug|Any CPU.Build.0 = Debug|Any CPU
		{A316EA18-8B38-492C-8EFE-48DABE20A1F8}.Release|Any CPU.ActiveCfg = Release|Any CPU
		{A316EA18-8B38-492C-8EFE-48DABE20A1F8}.Release|Any CPU.Build.0 = Release|Any CPU
		{3854A43A-159B-4105-B5B4-6781C0CDE11A}.Debug|Any CPU.ActiveCfg = Debug|Any CPU
		{3854A43A-159B-4105-B5B4-6781C0CDE11A}.Debug|Any CPU.Build.0 = Debug|Any CPU
		{3854A43A-159B-4105-B5B4-6781C0CDE11A}.Release|Any CPU.ActiveCfg = Release|Any CPU
		{3854A43A-159B-4105-B5B4-6781C0CDE11A}.Release|Any CPU.Build.0 = Release|Any CPU
		{2F7803FB-0CC0-4584-ADEA-121A2D5D98D5}.Debug|Any CPU.ActiveCfg = Debug|Any CPU
		{2F7803FB-0CC0-4584-ADEA-121A2D5D98D5}.Debug|Any CPU.Build.0 = Debug|Any CPU
		{2F7803FB-0CC0-4584-ADEA-121A2D5D98D5}.Release|Any CPU.ActiveCfg = Release|Any CPU
		{2F7803FB-0CC0-4584-ADEA-121A2D5D98D5}.Release|Any CPU.Build.0 = Release|Any CPU
		{FF2D7440-0164-44FB-924B-2DB5D6F5499C}.Debug|Any CPU.ActiveCfg = Debug|Any CPU
		{FF2D7440-0164-44FB-924B-2DB5D6F5499C}.Debug|Any CPU.Build.0 = Debug|Any CPU
		{FF2D7440-0164-44FB-924B-2DB5D6F5499C}.Release|Any CPU.ActiveCfg = Release|Any CPU
		{FF2D7440-0164-44FB-924B-2DB5D6F5499C}.Release|Any CPU.Build.0 = Release|Any CPU
	EndGlobalSection
	GlobalSection(NestedProjects) = preSolution
		{A316EA18-8B38-492C-8EFE-48DABE20A1F8} = {94D7AD3C-4B54-4CEA-B748-CDAEA0DD1D50}
		{3854A43A-159B-4105-B5B4-6781C0CDE11A} = {94D7AD3C-4B54-4CEA-B748-CDAEA0DD1D50}
		{2F7803FB-0CC0-4584-ADEA-121A2D5D98D5} = {94D7AD3C-4B54-4CEA-B748-CDAEA0DD1D50}
		{FF2D7440-0164-44FB-924B-2DB5D6F5499C} = {94D7AD3C-4B54-4CEA-B748-CDAEA0DD1D50}
	EndGlobalSection
EndGlobal
